
Microsoft Visual Studio Solution File, Format Version 12.00
# Visual Studio for Mac
Project("{FAE04EC0-301F-11D3-BF4B-00C04F79EFBC}") = "Assembly-CSharp", "Assembly-CSharp.csproj", "{B8498024-B1D1-16F8-09F3-86D40B0F52C3}"
EndProject
Global
	GlobalSection(SolutionConfigurationPlatforms) = preSolution
		Debug|Any CPU = Debug|Any CPU
		Release|Any CPU = Release|Any CPU
	EndGlobalSection
	GlobalSection(ProjectConfigurationPlatforms) = postSolution
		{B8498024-B1D1-16F8-09F3-86D40B0F52C3}.Debug|Any CPU.ActiveCfg = Debug|Any CPU
		{B8498024-B1D1-16F8-09F3-86D40B0F52C3}.Debug|Any CPU.Build.0 = Debug|Any CPU
		{B8498024-B1D1-16F8-09F3-86D40B0F52C3}.Release|Any CPU.ActiveCfg = Release|Any CPU
		{B8498024-B1D1-16F8-09F3-86D40B0F52C3}.Release|Any CPU.Build.0 = Release|Any CPU
	EndGlobalSection
	GlobalSection(SolutionProperties) = preSolution
		HideSolutionNode = FALSE
	EndGlobalSection
EndGlobal
